// !$*UTF8*$!
{
	archiveVersion = 1;
	classes = {
	};
	objectVersion = 56;
	objects = {

/* Begin PBXBuildFile section */
		B13E85A42BE1270400B592E5 /* AppDelegate.swift in Sources */ = {isa = PBXBuildFile; fileRef = B13E85A22BE1270400B592E5 /* AppDelegate.swift */; };
		B13E85A52BE1270400B592E5 /* SceneDelegate.swift in Sources */ = {isa = PBXBuildFile; fileRef = B13E85A32BE1270400B592E5 /* SceneDelegate.swift */; };
		B13E85C42BE1271500B592E5 /* WeatherModel.swift in Sources */ = {isa = PBXBuildFile; fileRef = B13E85B62BE1271500B592E5 /* WeatherModel.swift */; };
		B13E85C52BE1271500B592E5 /* DisasterModel.swift in Sources */ = {isa = PBXBuildFile; fileRef = B13E85B72BE1271500B592E5 /* DisasterModel.swift */; };
		B13E85C62BE1271500B592E5 /* DisasterModel.swift in Sources */ = {isa = PBXBuildFile; fileRef = B13E85A62BE1271500B592E5 /* DisasterModel.swift */; };
		B13E85C72BE1271500B592E5 /* WeatherModel.swift in Sources */ = {isa = PBXBuildFile; fileRef = B13E85A72BE1271500B592E5 /* WeatherModel.swift */; };
		B13E85C82BE1271500B592E5 /* RootViewController.swift in Sources */ = {isa = PBXBuildFile; fileRef = B13E85A92BE1271500B592E5 /* RootViewController.swift */; };
		B13E85C92BE1271500B592E5 /* RootViewController.swift in Sources */ = {isa = PBXBuildFile; fileRef = B13E85C32BE1271500B592E5 /* RootViewController.swift */; };
		B13E85CA2BE1271500B592E5 /* RootViewController.swift in Sources */ = {isa = PBXBuildFile; fileRef = B13E85BC2BE1271500B592E5 /* RootViewController.swift */; };
		B13E85CB2BE1271500B592E5 /* Weather.storyboard in Resources */ = {isa = PBXBuildFile; fileRef = B13E85B92BE1271500B592E5 /* Weather.storyboard */; };
		B13E85CC2BE1271500B592E5 /* WeatherViewController.swift in Sources */ = {isa = PBXBuildFile; fileRef = B13E85C22BE1271500B592E5 /* WeatherViewController.swift */; };
		B13E85CD2BE1271500B592E5 /* WeatherViewController.swift in Sources */ = {isa = PBXBuildFile; fileRef = B13E85BA2BE1271500B592E5 /* WeatherViewController.swift */; };
		B13E85CE2BE1271500B592E5 /* Weather.storyboard in Resources */ = {isa = PBXBuildFile; fileRef = B13E85AC2BE1271500B592E5 /* Weather.storyboard */; };
		B13E85CF2BE1271500B592E5 /* WeatherViewController.swift in Sources */ = {isa = PBXBuildFile; fileRef = B13E85AD2BE1271500B592E5 /* WeatherViewController.swift */; };
		B13E85D02BE1271500B592E5 /* Weather.swift in Sources */ = {isa = PBXBuildFile; fileRef = B13E85C02BE1271500B592E5 /* Weather.swift */; };
		B13E85D12BE1271500B592E5 /* Request.swift in Sources */ = {isa = PBXBuildFile; fileRef = B13E85B02BE1271500B592E5 /* Request.swift */; };
		B13E85D22BE1271500B592E5 /* Request.swift in Sources */ = {isa = PBXBuildFile; fileRef = B13E85BF2BE1271500B592E5 /* Request.swift */; };
		B13E85D32BE1271500B592E5 /* Response.swift in Sources */ = {isa = PBXBuildFile; fileRef = B13E85B12BE1271500B592E5 /* Response.swift */; };
		B13E85D42BE1271500B592E5 /* Response.swift in Sources */ = {isa = PBXBuildFile; fileRef = B13E85C12BE1271500B592E5 /* Response.swift */; };
		B13E85D52BE1271500B592E5 /* WeatherError.swift in Sources */ = {isa = PBXBuildFile; fileRef = B13E85BE2BE1271500B592E5 /* WeatherError.swift */; };
		B13E85D62BE1271500B592E5 /* Weather.swift in Sources */ = {isa = PBXBuildFile; fileRef = B13E85B22BE1271500B592E5 /* Weather.swift */; };
		B13E85D72BE1271500B592E5 /* WeatherError.swift in Sources */ = {isa = PBXBuildFile; fileRef = B13E85B32BE1271500B592E5 /* WeatherError.swift */; };
		B13E85D82BE1271500B592E5 /* Assets.xcassets in Resources */ = {isa = PBXBuildFile; fileRef = B13E85B52BE1271500B592E5 /* Assets.xcassets */; };
		B13E85DA2BE1271F00B592E5 /* ostrich-regular.ttf in Resources */ = {isa = PBXBuildFile; fileRef = B13E85D92BE1271F00B592E5 /* ostrich-regular.ttf */; };
		B13E85E12BE1280000B592E5 /* RswiftLibrary in Frameworks */ = {isa = PBXBuildFile; productRef = B13E85E02BE1280000B592E5 /* RswiftLibrary */; };
		B13E85E42BE1281100B592E5 /* YumemiWeather in Frameworks */ = {isa = PBXBuildFile; productRef = B13E85E32BE1281100B592E5 /* YumemiWeather */; };
		B13E85E92BE1284000B592E5 /* ExampleTests.swift in Sources */ = {isa = PBXBuildFile; fileRef = B13E85E72BE1284000B592E5 /* ExampleTests.swift */; };
		B13E85EA2BE1284000B592E5 /* WeatherViewControllerTests.swift in Sources */ = {isa = PBXBuildFile; fileRef = B13E85E82BE1284000B592E5 /* WeatherViewControllerTests.swift */; };
		B13E85EE2BE1288100B592E5 /* ExampleUITests.swift in Sources */ = {isa = PBXBuildFile; fileRef = B13E85ED2BE1288100B592E5 /* ExampleUITests.swift */; };
/* End PBXBuildFile section */

/* Begin PBXContainerItemProxy section */
		B13E85862BE1267C00B592E5 /* PBXContainerItemProxy */ = {
			isa = PBXContainerItemProxy;
			containerPortal = B13E85672BE1267B00B592E5 /* Project object */;
			proxyType = 1;
			remoteGlobalIDString = B13E856E2BE1267B00B592E5;
			remoteInfo = ExampleProxy;
		};
		B13E85902BE1267C00B592E5 /* PBXContainerItemProxy */ = {
			isa = PBXContainerItemProxy;
			containerPortal = B13E85672BE1267B00B592E5 /* Project object */;
			proxyType = 1;
			remoteGlobalIDString = B13E856E2BE1267B00B592E5;
			remoteInfo = ExampleProxy;
		};
/* End PBXContainerItemProxy section */

/* Begin PBXFileReference section */
		B13E856F2BE1267B00B592E5 /* Example.app */ = {isa = PBXFileReference; explicitFileType = wrapper.application; includeInIndex = 0; path = Example.app; sourceTree = BUILT_PRODUCTS_DIR; };
		B13E85802BE1267C00B592E5 /* Info.plist */ = {isa = PBXFileReference; lastKnownFileType = text.plist.xml; path = Info.plist; sourceTree = "<group>"; };
		B13E85852BE1267C00B592E5 /* ExampleProxyTests.xctest */ = {isa = PBXFileReference; explicitFileType = wrapper.cfbundle; includeInIndex = 0; path = ExampleProxyTests.xctest; sourceTree = BUILT_PRODUCTS_DIR; };
		B13E858F2BE1267C00B592E5 /* ExampleProxyUITests.xctest */ = {isa = PBXFileReference; explicitFileType = wrapper.cfbundle; includeInIndex = 0; path = ExampleProxyUITests.xctest; sourceTree = BUILT_PRODUCTS_DIR; };
		B13E85A22BE1270400B592E5 /* AppDelegate.swift */ = {isa = PBXFileReference; fileEncoding = 4; lastKnownFileType = sourcecode.swift; name = AppDelegate.swift; path = ../../ios_training/Example/Example/AppDelegate.swift; sourceTree = "<group>"; };
		B13E85A32BE1270400B592E5 /* SceneDelegate.swift */ = {isa = PBXFileReference; fileEncoding = 4; lastKnownFileType = sourcecode.swift; name = SceneDelegate.swift; path = ../../ios_training/Example/Example/SceneDelegate.swift; sourceTree = "<group>"; };
		B13E85A62BE1271500B592E5 /* DisasterModel.swift */ = {isa = PBXFileReference; fileEncoding = 4; lastKnownFileType = sourcecode.swift; path = DisasterModel.swift; sourceTree = "<group>"; };
		B13E85A72BE1271500B592E5 /* WeatherModel.swift */ = {isa = PBXFileReference; fileEncoding = 4; lastKnownFileType = sourcecode.swift; path = WeatherModel.swift; sourceTree = "<group>"; };
		B13E85A92BE1271500B592E5 /* RootViewController.swift */ = {isa = PBXFileReference; fileEncoding = 4; lastKnownFileType = sourcecode.swift; path = RootViewController.swift; sourceTree = "<group>"; };
		B13E85AB2BE1271500B592E5 /* Base */ = {isa = PBXFileReference; lastKnownFileType = file.storyboard; name = Base; path = Base.lproj/Weather.storyboard; sourceTree = "<group>"; };
		B13E85AD2BE1271500B592E5 /* WeatherViewController.swift */ = {isa = PBXFileReference; fileEncoding = 4; lastKnownFileType = sourcecode.swift; path = WeatherViewController.swift; sourceTree = "<group>"; };
		B13E85B02BE1271500B592E5 /* Request.swift */ = {isa = PBXFileReference; fileEncoding = 4; lastKnownFileType = sourcecode.swift; path = Request.swift; sourceTree = "<group>"; };
		B13E85B12BE1271500B592E5 /* Response.swift */ = {isa = PBXFileReference; fileEncoding = 4; lastKnownFileType = sourcecode.swift; path = Response.swift; sourceTree = "<group>"; };
		B13E85B22BE1271500B592E5 /* Weather.swift */ = {isa = PBXFileReference; fileEncoding = 4; lastKnownFileType = sourcecode.swift; path = Weather.swift; sourceTree = "<group>"; };
		B13E85B32BE1271500B592E5 /* WeatherError.swift */ = {isa = PBXFileReference; fileEncoding = 4; lastKnownFileType = sourcecode.swift; path = WeatherError.swift; sourceTree = "<group>"; };
		B13E85B52BE1271500B592E5 /* Assets.xcassets */ = {isa = PBXFileReference; lastKnownFileType = folder.assetcatalog; name = Assets.xcassets; path = ../../ios_training/Example/Example/Assets.xcassets; sourceTree = "<group>"; };
		B13E85B62BE1271500B592E5 /* WeatherModel.swift */ = {isa = PBXFileReference; fileEncoding = 4; lastKnownFileType = sourcecode.swift; path = WeatherModel.swift; sourceTree = "<group>"; };
		B13E85B72BE1271500B592E5 /* DisasterModel.swift */ = {isa = PBXFileReference; fileEncoding = 4; lastKnownFileType = sourcecode.swift; path = DisasterModel.swift; sourceTree = "<group>"; };
		B13E85B82BE1271500B592E5 /* Base */ = {isa = PBXFileReference; lastKnownFileType = file.storyboard; name = Base; path = Base.lproj/Weather.storyboard; sourceTree = "<group>"; };
		B13E85BA2BE1271500B592E5 /* WeatherViewController.swift */ = {isa = PBXFileReference; fileEncoding = 4; lastKnownFileType = sourcecode.swift; path = WeatherViewController.swift; sourceTree = "<group>"; };
		B13E85BC2BE1271500B592E5 /* RootViewController.swift */ = {isa = PBXFileReference; fileEncoding = 4; lastKnownFileType = sourcecode.swift; path = RootViewController.swift; sourceTree = "<group>"; };
		B13E85BE2BE1271500B592E5 /* WeatherError.swift */ = {isa = PBXFileReference; fileEncoding = 4; lastKnownFileType = sourcecode.swift; path = WeatherError.swift; sourceTree = "<group>"; };
		B13E85BF2BE1271500B592E5 /* Request.swift */ = {isa = PBXFileReference; fileEncoding = 4; lastKnownFileType = sourcecode.swift; path = Request.swift; sourceTree = "<group>"; };
		B13E85C02BE1271500B592E5 /* Weather.swift */ = {isa = PBXFileReference; fileEncoding = 4; lastKnownFileType = sourcecode.swift; path = Weather.swift; sourceTree = "<group>"; };
		B13E85C12BE1271500B592E5 /* Response.swift */ = {isa = PBXFileReference; fileEncoding = 4; lastKnownFileType = sourcecode.swift; path = Response.swift; sourceTree = "<group>"; };
		B13E85C22BE1271500B592E5 /* WeatherViewController.swift */ = {isa = PBXFileReference; fileEncoding = 4; lastKnownFileType = sourcecode.swift; path = WeatherViewController.swift; sourceTree = "<group>"; };
		B13E85C32BE1271500B592E5 /* RootViewController.swift */ = {isa = PBXFileReference; fileEncoding = 4; lastKnownFileType = sourcecode.swift; path = RootViewController.swift; sourceTree = "<group>"; };
		B13E85D92BE1271F00B592E5 /* ostrich-regular.ttf */ = {isa = PBXFileReference; lastKnownFileType = file; name = "ostrich-regular.ttf"; path = "../../ios_training/Example/Example/ostrich-regular.ttf"; sourceTree = "<group>"; };
		B13E85E62BE1283F00B592E5 /* ExampleProxyTests-Bridging-Header.h */ = {isa = PBXFileReference; lastKnownFileType = sourcecode.c.h; path = "ExampleProxyTests-Bridging-Header.h"; sourceTree = "<group>"; };
		B13E85E72BE1284000B592E5 /* ExampleTests.swift */ = {isa = PBXFileReference; fileEncoding = 4; lastKnownFileType = sourcecode.swift; name = ExampleTests.swift; path = ../../ios_training/Example/ExampleTests/ExampleTests.swift; sourceTree = "<group>"; };
		B13E85E82BE1284000B592E5 /* WeatherViewControllerTests.swift */ = {isa = PBXFileReference; fileEncoding = 4; lastKnownFileType = sourcecode.swift; name = WeatherViewControllerTests.swift; path = ../../ios_training/Example/ExampleTests/WeatherViewControllerTests.swift; sourceTree = "<group>"; };
		B13E85EC2BE1288100B592E5 /* ExampleProxyUITests-Bridging-Header.h */ = {isa = PBXFileReference; lastKnownFileType = sourcecode.c.h; path = "ExampleProxyUITests-Bridging-Header.h"; sourceTree = "<group>"; };
		B13E85ED2BE1288100B592E5 /* ExampleUITests.swift */ = {isa = PBXFileReference; fileEncoding = 4; lastKnownFileType = sourcecode.swift; name = ExampleUITests.swift; path = ../../ios_training/Example/ExampleUITests/ExampleUITests.swift; sourceTree = "<group>"; };
/* End PBXFileReference section */

/* Begin PBXFrameworksBuildPhase section */
		B13E856C2BE1267B00B592E5 /* Frameworks */ = {
			isa = PBXFrameworksBuildPhase;
			buildActionMask = 2147483647;
			files = (
				B13E85E12BE1280000B592E5 /* RswiftLibrary in Frameworks */,
				B13E85E42BE1281100B592E5 /* YumemiWeather in Frameworks */,
			);
			runOnlyForDeploymentPostprocessing = 0;
		};
		B13E85822BE1267C00B592E5 /* Frameworks */ = {
			isa = PBXFrameworksBuildPhase;
			buildActionMask = 2147483647;
			files = (
			);
			runOnlyForDeploymentPostprocessing = 0;
		};
		B13E858C2BE1267C00B592E5 /* Frameworks */ = {
			isa = PBXFrameworksBuildPhase;
			buildActionMask = 2147483647;
			files = (
			);
			runOnlyForDeploymentPostprocessing = 0;
		};
/* End PBXFrameworksBuildPhase section */

/* Begin PBXGroup section */
		B13E85662BE1267B00B592E5 = {
			isa = PBXGroup;
			children = (
				B13E85712BE1267B00B592E5 /* ExampleProxy */,
				B13E85882BE1267C00B592E5 /* ExampleProxyTests */,
				B13E85922BE1267C00B592E5 /* ExampleProxyUITests */,
				B13E85702BE1267B00B592E5 /* Products */,
				B13E85DF2BE1280000B592E5 /* Frameworks */,
			);
			sourceTree = "<group>";
		};
		B13E85702BE1267B00B592E5 /* Products */ = {
			isa = PBXGroup;
			children = (
				B13E856F2BE1267B00B592E5 /* Example.app */,
				B13E85852BE1267C00B592E5 /* ExampleProxyTests.xctest */,
				B13E858F2BE1267C00B592E5 /* ExampleProxyUITests.xctest */,
			);
			name = Products;
			sourceTree = "<group>";
		};
		B13E85712BE1267B00B592E5 /* ExampleProxy */ = {
			isa = PBXGroup;
			children = (
				B13E85D92BE1271F00B592E5 /* ostrich-regular.ttf */,
				B13E85AF2BE1271500B592E5 /* UI */,
				B13E85A82BE1271500B592E5 /* Model */,
				B13E85B42BE1271500B592E5 /* Data */,
				B13E85B52BE1271500B592E5 /* Assets.xcassets */,
				B13E85802BE1267C00B592E5 /* Info.plist */,
				B13E85A22BE1270400B592E5 /* AppDelegate.swift */,
				B13E85A32BE1270400B592E5 /* SceneDelegate.swift */,
			);
			path = ExampleProxy;
			sourceTree = "<group>";
		};
		B13E85882BE1267C00B592E5 /* ExampleProxyTests */ = {
			isa = PBXGroup;
			children = (
				B13E85E72BE1284000B592E5 /* ExampleTests.swift */,
				B13E85E82BE1284000B592E5 /* WeatherViewControllerTests.swift */,
				B13E85E62BE1283F00B592E5 /* ExampleProxyTests-Bridging-Header.h */,
			);
			path = ExampleProxyTests;
			sourceTree = "<group>";
		};
		B13E85922BE1267C00B592E5 /* ExampleProxyUITests */ = {
			isa = PBXGroup;
			children = (
				B13E85ED2BE1288100B592E5 /* ExampleUITests.swift */,
				B13E85EC2BE1288100B592E5 /* ExampleProxyUITests-Bridging-Header.h */,
			);
			path = ExampleProxyUITests;
			sourceTree = "<group>";
		};
		B13E85A82BE1271500B592E5 /* Model */ = {
			isa = PBXGroup;
			children = (
				B13E85B62BE1271500B592E5 /* WeatherModel.swift */,
				B13E85B72BE1271500B592E5 /* DisasterModel.swift */,
				B13E85A62BE1271500B592E5 /* DisasterModel.swift */,
				B13E85A72BE1271500B592E5 /* WeatherModel.swift */,
			);
			name = Model;
			path = ../../ios_training/Example/Example/Model;
			sourceTree = "<group>";
		};
		B13E85AA2BE1271500B592E5 /* Root */ = {
			isa = PBXGroup;
			children = (
				B13E85A92BE1271500B592E5 /* RootViewController.swift */,
			);
			path = Root;
			sourceTree = "<group>";
		};
		B13E85AE2BE1271500B592E5 /* Weather */ = {
			isa = PBXGroup;
			children = (
				B13E85AC2BE1271500B592E5 /* Weather.storyboard */,
				B13E85AD2BE1271500B592E5 /* WeatherViewController.swift */,
			);
			path = Weather;
			sourceTree = "<group>";
		};
		B13E85AF2BE1271500B592E5 /* UI */ = {
			isa = PBXGroup;
			children = (
				B13E85AA2BE1271500B592E5 /* Root */,
				B13E85BD2BE1271500B592E5 /* Root */,
				B13E85BB2BE1271500B592E5 /* Weather */,
				B13E85AE2BE1271500B592E5 /* Weather */,
			);
			name = UI;
			path = ../../ios_training/Example/Example/UI;
			sourceTree = "<group>";
		};
		B13E85B42BE1271500B592E5 /* Data */ = {
			isa = PBXGroup;
			children = (
				B13E85C02BE1271500B592E5 /* Weather.swift */,
				B13E85B02BE1271500B592E5 /* Request.swift */,
				B13E85BF2BE1271500B592E5 /* Request.swift */,
				B13E85B12BE1271500B592E5 /* Response.swift */,
				B13E85C12BE1271500B592E5 /* Response.swift */,
				B13E85BE2BE1271500B592E5 /* WeatherError.swift */,
				B13E85B22BE1271500B592E5 /* Weather.swift */,
				B13E85B32BE1271500B592E5 /* WeatherError.swift */,
			);
			name = Data;
			path = ../../ios_training/Example/Example/Data;
			sourceTree = "<group>";
		};
		B13E85BB2BE1271500B592E5 /* Weather */ = {
			isa = PBXGroup;
			children = (
				B13E85B92BE1271500B592E5 /* Weather.storyboard */,
				B13E85C22BE1271500B592E5 /* WeatherViewController.swift */,
				B13E85BA2BE1271500B592E5 /* WeatherViewController.swift */,
			);
			path = Weather;
			sourceTree = "<group>";
		};
		B13E85BD2BE1271500B592E5 /* Root */ = {
			isa = PBXGroup;
			children = (
				B13E85C32BE1271500B592E5 /* RootViewController.swift */,
				B13E85BC2BE1271500B592E5 /* RootViewController.swift */,
			);
			path = Root;
			sourceTree = "<group>";
		};
		B13E85DF2BE1280000B592E5 /* Frameworks */ = {
			isa = PBXGroup;
			children = (
			);
			name = Frameworks;
			sourceTree = "<group>";
		};
/* End PBXGroup section */

/* Begin PBXNativeTarget section */
		B13E856E2BE1267B00B592E5 /* ExampleProxy */ = {
			isa = PBXNativeTarget;
			buildConfigurationList = B13E85992BE1267C00B592E5 /* Build configuration list for PBXNativeTarget "ExampleProxy" */;
			buildPhases = (
				B13E856B2BE1267B00B592E5 /* Sources */,
				B13E856C2BE1267B00B592E5 /* Frameworks */,
				B13E856D2BE1267B00B592E5 /* Resources */,
			);
			buildRules = (
			);
			dependencies = (
				B13E85DD2BE127D100B592E5 /* PBXTargetDependency */,
			);
			name = ExampleProxy;
			packageProductDependencies = (
				B13E85E02BE1280000B592E5 /* RswiftLibrary */,
				B13E85E32BE1281100B592E5 /* YumemiWeather */,
			);
			productName = ExampleProxy;
			productReference = B13E856F2BE1267B00B592E5 /* Example.app */;
			productType = "com.apple.product-type.application";
		};
		B13E85842BE1267C00B592E5 /* ExampleProxyTests */ = {
			isa = PBXNativeTarget;
			buildConfigurationList = B13E859C2BE1267C00B592E5 /* Build configuration list for PBXNativeTarget "ExampleProxyTests" */;
			buildPhases = (
				B13E85812BE1267C00B592E5 /* Sources */,
				B13E85822BE1267C00B592E5 /* Frameworks */,
				B13E85832BE1267C00B592E5 /* Resources */,
			);
			buildRules = (
			);
			dependencies = (
				B13E85872BE1267C00B592E5 /* PBXTargetDependency */,
			);
			name = ExampleProxyTests;
			productName = ExampleProxyTests;
			productReference = B13E85852BE1267C00B592E5 /* ExampleProxyTests.xctest */;
			productType = "com.apple.product-type.bundle.unit-test";
		};
		B13E858E2BE1267C00B592E5 /* ExampleProxyUITests */ = {
			isa = PBXNativeTarget;
			buildConfigurationList = B13E859F2BE1267C00B592E5 /* Build configuration list for PBXNativeTarget "ExampleProxyUITests" */;
			buildPhases = (
				B13E858B2BE1267C00B592E5 /* Sources */,
				B13E858C2BE1267C00B592E5 /* Frameworks */,
				B13E858D2BE1267C00B592E5 /* Resources */,
			);
			buildRules = (
			);
			dependencies = (
				B13E85912BE1267C00B592E5 /* PBXTargetDependency */,
			);
			name = ExampleProxyUITests;
			productName = ExampleProxyUITests;
			productReference = B13E858F2BE1267C00B592E5 /* ExampleProxyUITests.xctest */;
			productType = "com.apple.product-type.bundle.ui-testing";
		};
/* End PBXNativeTarget section */

/* Begin PBXProject section */
		B13E85672BE1267B00B592E5 /* Project object */ = {
			isa = PBXProject;
			attributes = {
				BuildIndependentTargetsInParallel = 1;
				LastSwiftUpdateCheck = 1530;
				LastUpgradeCheck = 1530;
				TargetAttributes = {
					B13E856E2BE1267B00B592E5 = {
						CreatedOnToolsVersion = 15.3;
					};
					B13E85842BE1267C00B592E5 = {
						CreatedOnToolsVersion = 15.3;
						LastSwiftMigration = 1530;
						TestTargetID = B13E856E2BE1267B00B592E5;
					};
					B13E858E2BE1267C00B592E5 = {
						CreatedOnToolsVersion = 15.3;
						LastSwiftMigration = 1530;
						TestTargetID = B13E856E2BE1267B00B592E5;
					};
				};
			};
			buildConfigurationList = B13E856A2BE1267B00B592E5 /* Build configuration list for PBXProject "ExampleProxy" */;
			compatibilityVersion = "Xcode 14.0";
			developmentRegion = en;
			hasScannedForEncodings = 0;
			knownRegions = (
				en,
				Base,
			);
			mainGroup = B13E85662BE1267B00B592E5;
			packageReferences = (
				B13E85DB2BE1277700B592E5 /* XCRemoteSwiftPackageReference "R.swift" */,
			);
			productRefGroup = B13E85702BE1267B00B592E5 /* Products */;
			projectDirPath = "";
			projectRoot = "";
			targets = (
				B13E856E2BE1267B00B592E5 /* ExampleProxy */,
				B13E85842BE1267C00B592E5 /* ExampleProxyTests */,
				B13E858E2BE1267C00B592E5 /* ExampleProxyUITests */,
			);
		};
/* End PBXProject section */

/* Begin PBXResourcesBuildPhase section */
		B13E856D2BE1267B00B592E5 /* Resources */ = {
			isa = PBXResourcesBuildPhase;
			buildActionMask = 2147483647;
			files = (
				B13E85CB2BE1271500B592E5 /* Weather.storyboard in Resources */,
				B13E85D82BE1271500B592E5 /* Assets.xcassets in Resources */,
				B13E85DA2BE1271F00B592E5 /* ostrich-regular.ttf in Resources */,
				B13E85CE2BE1271500B592E5 /* Weather.storyboard in Resources */,
			);
			runOnlyForDeploymentPostprocessing = 0;
		};
		B13E85832BE1267C00B592E5 /* Resources */ = {
			isa = PBXResourcesBuildPhase;
			buildActionMask = 2147483647;
			files = (
			);
			runOnlyForDeploymentPostprocessing = 0;
		};
		B13E858D2BE1267C00B592E5 /* Resources */ = {
			isa = PBXResourcesBuildPhase;
			buildActionMask = 2147483647;
			files = (
			);
			runOnlyForDeploymentPostprocessing = 0;
		};
/* End PBXResourcesBuildPhase section */

/* Begin PBXSourcesBuildPhase section */
		B13E856B2BE1267B00B592E5 /* Sources */ = {
			isa = PBXSourcesBuildPhase;
			buildActionMask = 2147483647;
			files = (
				B13E85A42BE1270400B592E5 /* AppDelegate.swift in Sources */,
				B13E85CF2BE1271500B592E5 /* WeatherViewController.swift in Sources */,
				B13E85CC2BE1271500B592E5 /* WeatherViewController.swift in Sources */,
				B13E85D42BE1271500B592E5 /* Response.swift in Sources */,
				B13E85C42BE1271500B592E5 /* WeatherModel.swift in Sources */,
				B13E85CA2BE1271500B592E5 /* RootViewController.swift in Sources */,
				B13E85C52BE1271500B592E5 /* DisasterModel.swift in Sources */,
				B13E85D52BE1271500B592E5 /* WeatherError.swift in Sources */,
				B13E85C82BE1271500B592E5 /* RootViewController.swift in Sources */,
				B13E85D22BE1271500B592E5 /* Request.swift in Sources */,
				B13E85D32BE1271500B592E5 /* Response.swift in Sources */,
				B13E85A52BE1270400B592E5 /* SceneDelegate.swift in Sources */,
				B13E85D02BE1271500B592E5 /* Weather.swift in Sources */,
				B13E85C72BE1271500B592E5 /* WeatherModel.swift in Sources */,
				B13E85C92BE1271500B592E5 /* RootViewController.swift in Sources */,
				B13E85D72BE1271500B592E5 /* WeatherError.swift in Sources */,
				B13E85D62BE1271500B592E5 /* Weather.swift in Sources */,
				B13E85D12BE1271500B592E5 /* Request.swift in Sources */,
				B13E85C62BE1271500B592E5 /* DisasterModel.swift in Sources */,
				B13E85CD2BE1271500B592E5 /* WeatherViewController.swift in Sources */,
			);
			runOnlyForDeploymentPostprocessing = 0;
		};
		B13E85812BE1267C00B592E5 /* Sources */ = {
			isa = PBXSourcesBuildPhase;
			buildActionMask = 2147483647;
			files = (
				B13E85EA2BE1284000B592E5 /* WeatherViewControllerTests.swift in Sources */,
				B13E85E92BE1284000B592E5 /* ExampleTests.swift in Sources */,
			);
			runOnlyForDeploymentPostprocessing = 0;
		};
		B13E858B2BE1267C00B592E5 /* Sources */ = {
			isa = PBXSourcesBuildPhase;
			buildActionMask = 2147483647;
			files = (
				B13E85EE2BE1288100B592E5 /* ExampleUITests.swift in Sources */,
			);
			runOnlyForDeploymentPostprocessing = 0;
		};
/* End PBXSourcesBuildPhase section */

/* Begin PBXTargetDependency section */
		B13E85872BE1267C00B592E5 /* PBXTargetDependency */ = {
			isa = PBXTargetDependency;
			target = B13E856E2BE1267B00B592E5 /* ExampleProxy */;
			targetProxy = B13E85862BE1267C00B592E5 /* PBXContainerItemProxy */;
		};
		B13E85912BE1267C00B592E5 /* PBXTargetDependency */ = {
			isa = PBXTargetDependency;
			target = B13E856E2BE1267B00B592E5 /* ExampleProxy */;
			targetProxy = B13E85902BE1267C00B592E5 /* PBXContainerItemProxy */;
		};
		B13E85DD2BE127D100B592E5 /* PBXTargetDependency */ = {
			isa = PBXTargetDependency;
			productRef = B13E85DC2BE127D100B592E5 /* RswiftGenerateInternalResources */;
		};
/* End PBXTargetDependency section */

/* Begin PBXVariantGroup section */
		B13E85AC2BE1271500B592E5 /* Weather.storyboard */ = {
			isa = PBXVariantGroup;
			children = (
				B13E85AB2BE1271500B592E5 /* Base */,
			);
			name = Weather.storyboard;
			sourceTree = "<group>";
		};
		B13E85B92BE1271500B592E5 /* Weather.storyboard */ = {
			isa = PBXVariantGroup;
			children = (
				B13E85B82BE1271500B592E5 /* Base */,
			);
			name = Weather.storyboard;
			sourceTree = "<group>";
		};
/* End PBXVariantGroup section */

/* Begin XCBuildConfiguration section */
		B13E85972BE1267C00B592E5 /* Debug */ = {
			isa = XCBuildConfiguration;
			buildSettings = {
				ALWAYS_SEARCH_USER_PATHS = NO;
				ASSETCATALOG_COMPILER_GENERATE_SWIFT_ASSET_SYMBOL_EXTENSIONS = YES;
				CLANG_ANALYZER_NONNULL = YES;
				CLANG_ANALYZER_NUMBER_OBJECT_CONVERSION = YES_AGGRESSIVE;
				CLANG_CXX_LANGUAGE_STANDARD = "gnu++20";
				CLANG_ENABLE_MODULES = YES;
				CLANG_ENABLE_OBJC_ARC = YES;
				CLANG_ENABLE_OBJC_WEAK = YES;
				CLANG_WARN_BLOCK_CAPTURE_AUTORELEASING = YES;
				CLANG_WARN_BOOL_CONVERSION = YES;
				CLANG_WARN_COMMA = YES;
				CLANG_WARN_CONSTANT_CONVERSION = YES;
				CLANG_WARN_DEPRECATED_OBJC_IMPLEMENTATIONS = YES;
				CLANG_WARN_DIRECT_OBJC_ISA_USAGE = YES_ERROR;
				CLANG_WARN_DOCUMENTATION_COMMENTS = YES;
				CLANG_WARN_EMPTY_BODY = YES;
				CLANG_WARN_ENUM_CONVERSION = YES;
				CLANG_WARN_INFINITE_RECURSION = YES;
				CLANG_WARN_INT_CONVERSION = YES;
				CLANG_WARN_NON_LITERAL_NULL_CONVERSION = YES;
				CLANG_WARN_OBJC_IMPLICIT_RETAIN_SELF = YES;
				CLANG_WARN_OBJC_LITERAL_CONVERSION = YES;
				CLANG_WARN_OBJC_ROOT_CLASS = YES_ERROR;
				CLANG_WARN_QUOTED_INCLUDE_IN_FRAMEWORK_HEADER = YES;
				CLANG_WARN_RANGE_LOOP_ANALYSIS = YES;
				CLANG_WARN_STRICT_PROTOTYPES = YES;
				CLANG_WARN_SUSPICIOUS_MOVE = YES;
				CLANG_WARN_UNGUARDED_AVAILABILITY = YES_AGGRESSIVE;
				CLANG_WARN_UNREACHABLE_CODE = YES;
				CLANG_WARN__DUPLICATE_METHOD_MATCH = YES;
				COPY_PHASE_STRIP = NO;
				DEBUG_INFORMATION_FORMAT = dwarf;
				ENABLE_STRICT_OBJC_MSGSEND = YES;
				ENABLE_TESTABILITY = YES;
				ENABLE_USER_SCRIPT_SANDBOXING = YES;
				GCC_C_LANGUAGE_STANDARD = gnu17;
				GCC_DYNAMIC_NO_PIC = NO;
				GCC_NO_COMMON_BLOCKS = YES;
				GCC_OPTIMIZATION_LEVEL = 0;
				GCC_PREPROCESSOR_DEFINITIONS = (
					"DEBUG=1",
					"$(inherited)",
				);
				GCC_WARN_64_TO_32_BIT_CONVERSION = YES;
				GCC_WARN_ABOUT_RETURN_TYPE = YES_ERROR;
				GCC_WARN_UNDECLARED_SELECTOR = YES;
				GCC_WARN_UNINITIALIZED_AUTOS = YES_AGGRESSIVE;
				GCC_WARN_UNUSED_FUNCTION = YES;
				GCC_WARN_UNUSED_VARIABLE = YES;
				IPHONEOS_DEPLOYMENT_TARGET = 17.2;
				LOCALIZATION_PREFERS_STRING_CATALOGS = YES;
				MTL_ENABLE_DEBUG_INFO = INCLUDE_SOURCE;
				MTL_FAST_MATH = YES;
				ONLY_ACTIVE_ARCH = YES;
				SDKROOT = iphoneos;
				SWIFT_ACTIVE_COMPILATION_CONDITIONS = "DEBUG $(inherited)";
				SWIFT_OPTIMIZATION_LEVEL = "-Onone";
			};
			name = Debug;
		};
		B13E85982BE1267C00B592E5 /* Release */ = {
			isa = XCBuildConfiguration;
			buildSettings = {
				ALWAYS_SEARCH_USER_PATHS = NO;
				ASSETCATALOG_COMPILER_GENERATE_SWIFT_ASSET_SYMBOL_EXTENSIONS = YES;
				CLANG_ANALYZER_NONNULL = YES;
				CLANG_ANALYZER_NUMBER_OBJECT_CONVERSION = YES_AGGRESSIVE;
				CLANG_CXX_LANGUAGE_STANDARD = "gnu++20";
				CLANG_ENABLE_MODULES = YES;
				CLANG_ENABLE_OBJC_ARC = YES;
				CLANG_ENABLE_OBJC_WEAK = YES;
				CLANG_WARN_BLOCK_CAPTURE_AUTORELEASING = YES;
				CLANG_WARN_BOOL_CONVERSION = YES;
				CLANG_WARN_COMMA = YES;
				CLANG_WARN_CONSTANT_CONVERSION = YES;
				CLANG_WARN_DEPRECATED_OBJC_IMPLEMENTATIONS = YES;
				CLANG_WARN_DIRECT_OBJC_ISA_USAGE = YES_ERROR;
				CLANG_WARN_DOCUMENTATION_COMMENTS = YES;
				CLANG_WARN_EMPTY_BODY = YES;
				CLANG_WARN_ENUM_CONVERSION = YES;
				CLANG_WARN_INFINITE_RECURSION = YES;
				CLANG_WARN_INT_CONVERSION = YES;
				CLANG_WARN_NON_LITERAL_NULL_CONVERSION = YES;
				CLANG_WARN_OBJC_IMPLICIT_RETAIN_SELF = YES;
				CLANG_WARN_OBJC_LITERAL_CONVERSION = YES;
				CLANG_WARN_OBJC_ROOT_CLASS = YES_ERROR;
				CLANG_WARN_QUOTED_INCLUDE_IN_FRAMEWORK_HEADER = YES;
				CLANG_WARN_RANGE_LOOP_ANALYSIS = YES;
				CLANG_WARN_STRICT_PROTOTYPES = YES;
				CLANG_WARN_SUSPICIOUS_MOVE = YES;
				CLANG_WARN_UNGUARDED_AVAILABILITY = YES_AGGRESSIVE;
				CLANG_WARN_UNREACHABLE_CODE = YES;
				CLANG_WARN__DUPLICATE_METHOD_MATCH = YES;
				COPY_PHASE_STRIP = NO;
				DEBUG_INFORMATION_FORMAT = "dwarf-with-dsym";
				ENABLE_NS_ASSERTIONS = NO;
				ENABLE_STRICT_OBJC_MSGSEND = YES;
				ENABLE_USER_SCRIPT_SANDBOXING = YES;
				GCC_C_LANGUAGE_STANDARD = gnu17;
				GCC_NO_COMMON_BLOCKS = YES;
				GCC_WARN_64_TO_32_BIT_CONVERSION = YES;
				GCC_WARN_ABOUT_RETURN_TYPE = YES_ERROR;
				GCC_WARN_UNDECLARED_SELECTOR = YES;
				GCC_WARN_UNINITIALIZED_AUTOS = YES_AGGRESSIVE;
				GCC_WARN_UNUSED_FUNCTION = YES;
				GCC_WARN_UNUSED_VARIABLE = YES;
				IPHONEOS_DEPLOYMENT_TARGET = 17.2;
				LOCALIZATION_PREFERS_STRING_CATALOGS = YES;
				MTL_ENABLE_DEBUG_INFO = NO;
				MTL_FAST_MATH = YES;
				SDKROOT = iphoneos;
				SWIFT_COMPILATION_MODE = wholemodule;
				VALIDATE_PRODUCT = YES;
			};
			name = Release;
		};
		B13E859A2BE1267C00B592E5 /* Debug */ = {
			isa = XCBuildConfiguration;
			buildSettings = {
				ASSETCATALOG_COMPILER_APPICON_NAME = AppIcon;
				ASSETCATALOG_COMPILER_GLOBAL_ACCENT_COLOR_NAME = AccentColor;
				CODE_SIGN_STYLE = Automatic;
				CURRENT_PROJECT_VERSION = 1;
				DEVELOPMENT_TEAM = 89282N6UM7;
				GENERATE_INFOPLIST_FILE = YES;
				INFOPLIST_FILE = ExampleProxy/Info.plist;
				INFOPLIST_KEY_UIApplicationSupportsIndirectInputEvents = YES;
				INFOPLIST_KEY_UILaunchStoryboardName = LaunchScreen;
				INFOPLIST_KEY_UIMainStoryboardFile = Weather;
				INFOPLIST_KEY_UISupportedInterfaceOrientations_iPad = "UIInterfaceOrientationPortrait UIInterfaceOrientationPortraitUpsideDown UIInterfaceOrientationLandscapeLeft UIInterfaceOrientationLandscapeRight";
				INFOPLIST_KEY_UISupportedInterfaceOrientations_iPhone = "UIInterfaceOrientationPortrait UIInterfaceOrientationLandscapeLeft UIInterfaceOrientationLandscapeRight";
				LD_RUNPATH_SEARCH_PATHS = (
					"$(inherited)",
					"@executable_path/Frameworks",
				);
				MARKETING_VERSION = 1.0;
				PRODUCT_BUNDLE_IDENTIFIER = "jp.ez-net.ExampleProxy";
				PRODUCT_NAME = Example;
				SWIFT_EMIT_LOC_STRINGS = YES;
				SWIFT_VERSION = 5.0;
				TARGETED_DEVICE_FAMILY = "1,2";
			};
			name = Debug;
		};
		B13E859B2BE1267C00B592E5 /* Release */ = {
			isa = XCBuildConfiguration;
			buildSettings = {
				ASSETCATALOG_COMPILER_APPICON_NAME = AppIcon;
				ASSETCATALOG_COMPILER_GLOBAL_ACCENT_COLOR_NAME = AccentColor;
				CODE_SIGN_STYLE = Automatic;
				CURRENT_PROJECT_VERSION = 1;
				DEVELOPMENT_TEAM = 89282N6UM7;
				GENERATE_INFOPLIST_FILE = YES;
				INFOPLIST_FILE = ExampleProxy/Info.plist;
				INFOPLIST_KEY_UIApplicationSupportsIndirectInputEvents = YES;
				INFOPLIST_KEY_UILaunchStoryboardName = LaunchScreen;
				INFOPLIST_KEY_UIMainStoryboardFile = Weather;
				INFOPLIST_KEY_UISupportedInterfaceOrientations_iPad = "UIInterfaceOrientationPortrait UIInterfaceOrientationPortraitUpsideDown UIInterfaceOrientationLandscapeLeft UIInterfaceOrientationLandscapeRight";
				INFOPLIST_KEY_UISupportedInterfaceOrientations_iPhone = "UIInterfaceOrientationPortrait UIInterfaceOrientationLandscapeLeft UIInterfaceOrientationLandscapeRight";
				LD_RUNPATH_SEARCH_PATHS = (
					"$(inherited)",
					"@executable_path/Frameworks",
				);
				MARKETING_VERSION = 1.0;
				PRODUCT_BUNDLE_IDENTIFIER = "jp.ez-net.ExampleProxy";
				PRODUCT_NAME = Example;
				SWIFT_EMIT_LOC_STRINGS = YES;
				SWIFT_VERSION = 5.0;
				TARGETED_DEVICE_FAMILY = "1,2";
			};
			name = Release;
		};
		B13E859D2BE1267C00B592E5 /* Debug */ = {
			isa = XCBuildConfiguration;
			buildSettings = {
				ALWAYS_EMBED_SWIFT_STANDARD_LIBRARIES = YES;
				BUNDLE_LOADER = "$(TEST_HOST)";
				CLANG_ENABLE_MODULES = YES;
				CODE_SIGN_STYLE = Automatic;
				CURRENT_PROJECT_VERSION = 1;
				DEVELOPMENT_TEAM = 89282N6UM7;
				GENERATE_INFOPLIST_FILE = YES;
				MARKETING_VERSION = 1.0;
				PRODUCT_BUNDLE_IDENTIFIER = "jp.ez-net.ExampleProxyTests";
				PRODUCT_NAME = "$(TARGET_NAME)";
				SWIFT_EMIT_LOC_STRINGS = NO;
				SWIFT_OBJC_BRIDGING_HEADER = "ExampleProxyTests/ExampleProxyTests-Bridging-Header.h";
				SWIFT_OPTIMIZATION_LEVEL = "-Onone";
				SWIFT_VERSION = 5.0;
				TARGETED_DEVICE_FAMILY = "1,2";
				TEST_HOST = "$(BUILT_PRODUCTS_DIR)/Example.app/$(BUNDLE_EXECUTABLE_FOLDER_PATH)/Example";
			};
			name = Debug;
		};
		B13E859E2BE1267C00B592E5 /* Release */ = {
			isa = XCBuildConfiguration;
			buildSettings = {
				ALWAYS_EMBED_SWIFT_STANDARD_LIBRARIES = YES;
				BUNDLE_LOADER = "$(TEST_HOST)";
				CLANG_ENABLE_MODULES = YES;
				CODE_SIGN_STYLE = Automatic;
				CURRENT_PROJECT_VERSION = 1;
				DEVELOPMENT_TEAM = 89282N6UM7;
				GENERATE_INFOPLIST_FILE = YES;
				MARKETING_VERSION = 1.0;
				PRODUCT_BUNDLE_IDENTIFIER = "jp.ez-net.ExampleProxyTests";
				PRODUCT_NAME = "$(TARGET_NAME)";
				SWIFT_EMIT_LOC_STRINGS = NO;
				SWIFT_OBJC_BRIDGING_HEADER = "ExampleProxyTests/ExampleProxyTests-Bridging-Header.h";
				SWIFT_VERSION = 5.0;
				TARGETED_DEVICE_FAMILY = "1,2";
				TEST_HOST = "$(BUILT_PRODUCTS_DIR)/Example.app/$(BUNDLE_EXECUTABLE_FOLDER_PATH)/Example";
			};
			name = Release;
		};
		B13E85A02BE1267C00B592E5 /* Debug */ = {
			isa = XCBuildConfiguration;
			buildSettings = {
				ALWAYS_EMBED_SWIFT_STANDARD_LIBRARIES = YES;
				CLANG_ENABLE_MODULES = YES;
				CODE_SIGN_STYLE = Automatic;
				CURRENT_PROJECT_VERSION = 1;
				DEVELOPMENT_TEAM = 89282N6UM7;
				GENERATE_INFOPLIST_FILE = YES;
				MARKETING_VERSION = 1.0;
				PRODUCT_BUNDLE_IDENTIFIER = "jp.ez-net.ExampleProxyUITests";
				PRODUCT_NAME = "$(TARGET_NAME)";
				SWIFT_EMIT_LOC_STRINGS = NO;
				SWIFT_OBJC_BRIDGING_HEADER = "ExampleProxyUITests/ExampleProxyUITests-Bridging-Header.h";
				SWIFT_OPTIMIZATION_LEVEL = "-Onone";
				SWIFT_VERSION = 5.0;
				TARGETED_DEVICE_FAMILY = "1,2";
				TEST_TARGET_NAME = Example;
			};
			name = Debug;
		};
		B13E85A12BE1267C00B592E5 /* Release */ = {
			isa = XCBuildConfiguration;
			buildSettings = {
				ALWAYS_EMBED_SWIFT_STANDARD_LIBRARIES = YES;
				CLANG_ENABLE_MODULES = YES;
				CODE_SIGN_STYLE = Automatic;
				CURRENT_PROJECT_VERSION = 1;
				DEVELOPMENT_TEAM = 89282N6UM7;
				GENERATE_INFOPLIST_FILE = YES;
				MARKETING_VERSION = 1.0;
				PRODUCT_BUNDLE_IDENTIFIER = "jp.ez-net.ExampleProxyUITests";
				PRODUCT_NAME = "$(TARGET_NAME)";
				SWIFT_EMIT_LOC_STRINGS = NO;
				SWIFT_OBJC_BRIDGING_HEADER = "ExampleProxyUITests/ExampleProxyUITests-Bridging-Header.h";
				SWIFT_VERSION = 5.0;
				TARGETED_DEVICE_FAMILY = "1,2";
				TEST_TARGET_NAME = Example;
			};
			name = Release;
		};
/* End XCBuildConfiguration section */

/* Begin XCConfigurationList section */
		B13E856A2BE1267B00B592E5 /* Build configuration list for PBXProject "ExampleProxy" */ = {
			isa = XCConfigurationList;
			buildConfigurations = (
				B13E85972BE1267C00B592E5 /* Debug */,
				B13E85982BE1267C00B592E5 /* Release */,
			);
			defaultConfigurationIsVisible = 0;
			defaultConfigurationName = Release;
		};
		B13E85992BE1267C00B592E5 /* Build configuration list for PBXNativeTarget "ExampleProxy" */ = {
			isa = XCConfigurationList;
			buildConfigurations = (
				B13E859A2BE1267C00B592E5 /* Debug */,
				B13E859B2BE1267C00B592E5 /* Release */,
			);
			defaultConfigurationIsVisible = 0;
			defaultConfigurationName = Release;
		};
		B13E859C2BE1267C00B592E5 /* Build configuration list for PBXNativeTarget "ExampleProxyTests" */ = {
			isa = XCConfigurationList;
			buildConfigurations = (
				B13E859D2BE1267C00B592E5 /* Debug */,
				B13E859E2BE1267C00B592E5 /* Release */,
			);
			defaultConfigurationIsVisible = 0;
			defaultConfigurationName = Release;
		};
		B13E859F2BE1267C00B592E5 /* Build configuration list for PBXNativeTarget "ExampleProxyUITests" */ = {
			isa = XCConfigurationList;
			buildConfigurations = (
				B13E85A02BE1267C00B592E5 /* Debug */,
				B13E85A12BE1267C00B592E5 /* Release */,
			);
			defaultConfigurationIsVisible = 0;
			defaultConfigurationName = Release;
		};
/* End XCConfigurationList section */

/* Begin XCRemoteSwiftPackageReference section */
		B13E85DB2BE1277700B592E5 /* XCRemoteSwiftPackageReference "R.swift" */ = {
			isa = XCRemoteSwiftPackageReference;
			repositoryURL = "https://github.com/mac-cain13/R.swift.git";
			requirement = {
				kind = upToNextMajorVersion;
				minimumVersion = 7.0.0;
			};
		};
/* End XCRemoteSwiftPackageReference section */

/* Begin XCSwiftPackageProductDependency section */
		B13E85DC2BE127D100B592E5 /* RswiftGenerateInternalResources */ = {
			isa = XCSwiftPackageProductDependency;
			package = B13E85DB2BE1277700B592E5 /* XCRemoteSwiftPackageReference "R.swift" */;
			productName = "plugin:RswiftGenerateInternalResources";
		};
		B13E85E02BE1280000B592E5 /* RswiftLibrary */ = {
			isa = XCSwiftPackageProductDependency;
			package = B13E85DB2BE1277700B592E5 /* XCRemoteSwiftPackageReference "R.swift" */;
			productName = RswiftLibrary;
		};
		B13E85E32BE1281100B592E5 /* YumemiWeather */ = {
			isa = XCSwiftPackageProductDependency;
			productName = YumemiWeather;
		};
/* End XCSwiftPackageProductDependency section */
	};
	rootObject = B13E85672BE1267B00B592E5 /* Project object */;
}
